// !$*UTF8*$!
{
	archiveVersion = 1;
	classes = {
	};
	objectVersion = 56;
	objects = {

/* Begin PBXBuildFile section */
		A87842862A0F831100D96A85 /* CollectionView.swift in Sources */ = {isa = PBXBuildFile; fileRef = A87842852A0F831100D96A85 /* CollectionView.swift */; };
		A87842892A0F980800D96A85 /* ModalDetailView.swift in Sources */ = {isa = PBXBuildFile; fileRef = A87842882A0F980800D96A85 /* ModalDetailView.swift */; };
		A878428B2A0FD83800D96A85 /* DetailView.swift in Sources */ = {isa = PBXBuildFile; fileRef = A878428A2A0FD83800D96A85 /* DetailView.swift */; };
		A87842932A120EB800D96A85 /* CoordinatingController.swift in Sources */ = {isa = PBXBuildFile; fileRef = A87842922A120EB800D96A85 /* CoordinatingController.swift */; };
		A87842952A12121500D96A85 /* FlowController.swift in Sources */ = {isa = PBXBuildFile; fileRef = A87842942A12121500D96A85 /* FlowController.swift */; };
		A8B8FD572A018816003292D4 /* AppDelegate.swift in Sources */ = {isa = PBXBuildFile; fileRef = A8B8FD562A018816003292D4 /* AppDelegate.swift */; };
		A8B8FD592A018816003292D4 /* SceneDelegate.swift in Sources */ = {isa = PBXBuildFile; fileRef = A8B8FD582A018816003292D4 /* SceneDelegate.swift */; };
		A8B8FD602A018819003292D4 /* Assets.xcassets in Resources */ = {isa = PBXBuildFile; fileRef = A8B8FD5F2A018819003292D4 /* Assets.xcassets */; };
		A8B8FD632A018819003292D4 /* LaunchScreen.storyboard in Resources */ = {isa = PBXBuildFile; fileRef = A8B8FD612A018819003292D4 /* LaunchScreen.storyboard */; };
		A8B8FD6B2A019444003292D4 /* CollectionViewController.swift in Sources */ = {isa = PBXBuildFile; fileRef = A8B8FD6A2A019444003292D4 /* CollectionViewController.swift */; };
		A8B8FD6E2A019491003292D4 /* SnapKit in Frameworks */ = {isa = PBXBuildFile; productRef = A8B8FD6D2A019491003292D4 /* SnapKit */; };
		A8B8FD702A019774003292D4 /* CollectionViewCell.swift in Sources */ = {isa = PBXBuildFile; fileRef = A8B8FD6F2A019774003292D4 /* CollectionViewCell.swift */; };
		A8B8FD722A019AC5003292D4 /* CollectionCellModel.swift in Sources */ = {isa = PBXBuildFile; fileRef = A8B8FD712A019AC5003292D4 /* CollectionCellModel.swift */; };
		A8B8FD762A02A28D003292D4 /* DetailViewController.swift in Sources */ = {isa = PBXBuildFile; fileRef = A8B8FD752A02A28D003292D4 /* DetailViewController.swift */; };
		A8B8FD7A2A02B4B0003292D4 /* ModalDetailViewController.swift in Sources */ = {isa = PBXBuildFile; fileRef = A8B8FD792A02B4B0003292D4 /* ModalDetailViewController.swift */; };
/* End PBXBuildFile section */

/* Begin PBXFileReference section */
		A87842852A0F831100D96A85 /* CollectionView.swift */ = {isa = PBXFileReference; lastKnownFileType = sourcecode.swift; path = CollectionView.swift; sourceTree = "<group>"; };
		A87842882A0F980800D96A85 /* ModalDetailView.swift */ = {isa = PBXFileReference; lastKnownFileType = sourcecode.swift; path = ModalDetailView.swift; sourceTree = "<group>"; };
		A878428A2A0FD83800D96A85 /* DetailView.swift */ = {isa = PBXFileReference; lastKnownFileType = sourcecode.swift; path = DetailView.swift; sourceTree = "<group>"; };
		A87842922A120EB800D96A85 /* CoordinatingController.swift */ = {isa = PBXFileReference; lastKnownFileType = sourcecode.swift; path = CoordinatingController.swift; sourceTree = "<group>"; };
		A87842942A12121500D96A85 /* FlowController.swift */ = {isa = PBXFileReference; lastKnownFileType = sourcecode.swift; path = FlowController.swift; sourceTree = "<group>"; };
		A8B8FD532A018816003292D4 /* homework-5.app */ = {isa = PBXFileReference; explicitFileType = wrapper.application; includeInIndex = 0; path = "homework-5.app"; sourceTree = BUILT_PRODUCTS_DIR; };
		A8B8FD562A018816003292D4 /* AppDelegate.swift */ = {isa = PBXFileReference; lastKnownFileType = sourcecode.swift; path = AppDelegate.swift; sourceTree = "<group>"; };
		A8B8FD582A018816003292D4 /* SceneDelegate.swift */ = {isa = PBXFileReference; lastKnownFileType = sourcecode.swift; path = SceneDelegate.swift; sourceTree = "<group>"; };
		A8B8FD5F2A018819003292D4 /* Assets.xcassets */ = {isa = PBXFileReference; lastKnownFileType = folder.assetcatalog; path = Assets.xcassets; sourceTree = "<group>"; };
		A8B8FD622A018819003292D4 /* Base */ = {isa = PBXFileReference; lastKnownFileType = file.storyboard; name = Base; path = Base.lproj/LaunchScreen.storyboard; sourceTree = "<group>"; };
		A8B8FD642A018819003292D4 /* Info.plist */ = {isa = PBXFileReference; lastKnownFileType = text.plist.xml; path = Info.plist; sourceTree = "<group>"; };
		A8B8FD6A2A019444003292D4 /* CollectionViewController.swift */ = {isa = PBXFileReference; lastKnownFileType = sourcecode.swift; path = CollectionViewController.swift; sourceTree = "<group>"; };
		A8B8FD6F2A019774003292D4 /* CollectionViewCell.swift */ = {isa = PBXFileReference; lastKnownFileType = sourcecode.swift; path = CollectionViewCell.swift; sourceTree = "<group>"; };
		A8B8FD712A019AC5003292D4 /* CollectionCellModel.swift */ = {isa = PBXFileReference; lastKnownFileType = sourcecode.swift; path = CollectionCellModel.swift; sourceTree = "<group>"; };
		A8B8FD752A02A28D003292D4 /* DetailViewController.swift */ = {isa = PBXFileReference; lastKnownFileType = sourcecode.swift; path = DetailViewController.swift; sourceTree = "<group>"; };
		A8B8FD792A02B4B0003292D4 /* ModalDetailViewController.swift */ = {isa = PBXFileReference; lastKnownFileType = sourcecode.swift; path = ModalDetailViewController.swift; sourceTree = "<group>"; };
/* End PBXFileReference section */

/* Begin PBXFrameworksBuildPhase section */
		A8B8FD502A018816003292D4 /* Frameworks */ = {
			isa = PBXFrameworksBuildPhase;
			buildActionMask = 2147483647;
			files = (
				A8B8FD6E2A019491003292D4 /* SnapKit in Frameworks */,
			);
			runOnlyForDeploymentPostprocessing = 0;
		};
/* End PBXFrameworksBuildPhase section */

/* Begin PBXGroup section */
		A87842832A0F7F4E00D96A85 /* App */ = {
			isa = PBXGroup;
			children = (
				A8B8FD562A018816003292D4 /* AppDelegate.swift */,
				A8B8FD582A018816003292D4 /* SceneDelegate.swift */,
				A87842942A12121500D96A85 /* FlowController.swift */,
				A87842922A120EB800D96A85 /* CoordinatingController.swift */,
			);
			path = App;
			sourceTree = "<group>";
		};
		A87842842A0F802000D96A85 /* Resources  */ = {
			isa = PBXGroup;
			children = (
				A8B8FD5F2A018819003292D4 /* Assets.xcassets */,
			);
			path = "Resources ";
			sourceTree = "<group>";
		};
		A87842872A0F948400D96A85 /* CellCollection */ = {
			isa = PBXGroup;
			children = (
				A8B8FD712A019AC5003292D4 /* CollectionCellModel.swift */,
				A8B8FD6F2A019774003292D4 /* CollectionViewCell.swift */,
			);
			path = CellCollection;
			sourceTree = "<group>";
		};
		A8B8FD4A2A018816003292D4 = {
			isa = PBXGroup;
			children = (
				A8B8FD552A018816003292D4 /* homework-5 */,
				A8B8FD542A018816003292D4 /* Products */,
			);
			sourceTree = "<group>";
		};
		A8B8FD542A018816003292D4 /* Products */ = {
			isa = PBXGroup;
			children = (
				A8B8FD532A018816003292D4 /* homework-5.app */,
			);
			name = Products;
			sourceTree = "<group>";
		};
		A8B8FD552A018816003292D4 /* homework-5 */ = {
			isa = PBXGroup;
			children = (
				A87842832A0F7F4E00D96A85 /* App */,
				A8B8FD782A02A926003292D4 /* MainCollection */,
				A87842872A0F948400D96A85 /* CellCollection */,
				A8B8FD772A02A919003292D4 /* Detail */,
				A8E305D32A0B7A5100480306 /* Modal */,
				A87842842A0F802000D96A85 /* Resources  */,
				A8B8FD612A018819003292D4 /* LaunchScreen.storyboard */,
				A8B8FD642A018819003292D4 /* Info.plist */,
			);
			path = "homework-5";
			sourceTree = "<group>";
		};
		A8B8FD772A02A919003292D4 /* Detail */ = {
			isa = PBXGroup;
			children = (
				A8B8FD752A02A28D003292D4 /* DetailViewController.swift */,
				A878428A2A0FD83800D96A85 /* DetailView.swift */,
			);
			path = Detail;
			sourceTree = "<group>";
		};
		A8B8FD782A02A926003292D4 /* MainCollection */ = {
			isa = PBXGroup;
			children = (
				A8B8FD6A2A019444003292D4 /* CollectionViewController.swift */,
				A87842852A0F831100D96A85 /* CollectionView.swift */,
			);
			path = MainCollection;
			sourceTree = "<group>";
		};
		A8E305D32A0B7A5100480306 /* Modal */ = {
			isa = PBXGroup;
			children = (
				A8B8FD792A02B4B0003292D4 /* ModalDetailViewController.swift */,
				A87842882A0F980800D96A85 /* ModalDetailView.swift */,
			);
			path = Modal;
			sourceTree = "<group>";
		};
/* End PBXGroup section */

/* Begin PBXNativeTarget section */
		A8B8FD522A018816003292D4 /* homework-5 */ = {
			isa = PBXNativeTarget;
			buildConfigurationList = A8B8FD672A018819003292D4 /* Build configuration list for PBXNativeTarget "homework-5" */;
			buildPhases = (
				A8B8FD4F2A018816003292D4 /* Sources */,
				A8B8FD502A018816003292D4 /* Frameworks */,
				A8B8FD512A018816003292D4 /* Resources */,
			);
			buildRules = (
			);
			dependencies = (
			);
			name = "homework-5";
			packageProductDependencies = (
				A8B8FD6D2A019491003292D4 /* SnapKit */,
			);
			productName = "homework-4";
			productReference = A8B8FD532A018816003292D4 /* homework-5.app */;
			productType = "com.apple.product-type.application";
		};
/* End PBXNativeTarget section */

/* Begin PBXProject section */
		A8B8FD4B2A018816003292D4 /* Project object */ = {
			isa = PBXProject;
			attributes = {
				BuildIndependentTargetsInParallel = 1;
				LastSwiftUpdateCheck = 1430;
				LastUpgradeCheck = 1430;
				TargetAttributes = {
					A8B8FD522A018816003292D4 = {
						CreatedOnToolsVersion = 14.3;
					};
				};
			};
			buildConfigurationList = A8B8FD4E2A018816003292D4 /* Build configuration list for PBXProject "homework-5" */;
			compatibilityVersion = "Xcode 14.0";
			developmentRegion = en;
			hasScannedForEncodings = 0;
			knownRegions = (
				en,
				Base,
			);
			mainGroup = A8B8FD4A2A018816003292D4;
			packageReferences = (
				A8B8FD6C2A019491003292D4 /* XCRemoteSwiftPackageReference "SnapKit" */,
			);
			productRefGroup = A8B8FD542A018816003292D4 /* Products */;
			projectDirPath = "";
			projectRoot = "";
			targets = (
				A8B8FD522A018816003292D4 /* homework-5 */,
			);
		};
/* End PBXProject section */

/* Begin PBXResourcesBuildPhase section */
		A8B8FD512A018816003292D4 /* Resources */ = {
			isa = PBXResourcesBuildPhase;
			buildActionMask = 2147483647;
			files = (
				A8B8FD632A018819003292D4 /* LaunchScreen.storyboard in Resources */,
				A8B8FD602A018819003292D4 /* Assets.xcassets in Resources */,
			);
			runOnlyForDeploymentPostprocessing = 0;
		};
/* End PBXResourcesBuildPhase section */

/* Begin PBXSourcesBuildPhase section */
		A8B8FD4F2A018816003292D4 /* Sources */ = {
			isa = PBXSourcesBuildPhase;
			buildActionMask = 2147483647;
			files = (
				A87842892A0F980800D96A85 /* ModalDetailView.swift in Sources */,
				A8B8FD702A019774003292D4 /* CollectionViewCell.swift in Sources */,
				A8B8FD7A2A02B4B0003292D4 /* ModalDetailViewController.swift in Sources */,
				A878428B2A0FD83800D96A85 /* DetailView.swift in Sources */,
				A8B8FD6B2A019444003292D4 /* CollectionViewController.swift in Sources */,
				A8B8FD572A018816003292D4 /* AppDelegate.swift in Sources */,
				A8B8FD592A018816003292D4 /* SceneDelegate.swift in Sources */,
				A8B8FD722A019AC5003292D4 /* CollectionCellModel.swift in Sources */,
				A87842862A0F831100D96A85 /* CollectionView.swift in Sources */,
				A87842932A120EB800D96A85 /* CoordinatingController.swift in Sources */,
				A8B8FD762A02A28D003292D4 /* DetailViewController.swift in Sources */,
				A87842952A12121500D96A85 /* FlowController.swift in Sources */,
			);
			runOnlyForDeploymentPostprocessing = 0;
		};
/* End PBXSourcesBuildPhase section */

/* Begin PBXVariantGroup section */
		A8B8FD612A018819003292D4 /* LaunchScreen.storyboard */ = {
			isa = PBXVariantGroup;
			children = (
				A8B8FD622A018819003292D4 /* Base */,
			);
			name = LaunchScreen.storyboard;
			sourceTree = "<group>";
		};
/* End PBXVariantGroup section */

/* Begin XCBuildConfiguration section */
		A8B8FD652A018819003292D4 /* Debug */ = {
			isa = XCBuildConfiguration;
			buildSettings = {
				ALWAYS_SEARCH_USER_PATHS = NO;
				CLANG_ANALYZER_NONNULL = YES;
				CLANG_ANALYZER_NUMBER_OBJECT_CONVERSION = YES_AGGRESSIVE;
				CLANG_CXX_LANGUAGE_STANDARD = "gnu++20";
				CLANG_ENABLE_MODULES = YES;
				CLANG_ENABLE_OBJC_ARC = YES;
				CLANG_ENABLE_OBJC_WEAK = YES;
				CLANG_WARN_BLOCK_CAPTURE_AUTORELEASING = YES;
				CLANG_WARN_BOOL_CONVERSION = YES;
				CLANG_WARN_COMMA = YES;
				CLANG_WARN_CONSTANT_CONVERSION = YES;
				CLANG_WARN_DEPRECATED_OBJC_IMPLEMENTATIONS = YES;
				CLANG_WARN_DIRECT_OBJC_ISA_USAGE = YES_ERROR;
				CLANG_WARN_DOCUMENTATION_COMMENTS = YES;
				CLANG_WARN_EMPTY_BODY = YES;
				CLANG_WARN_ENUM_CONVERSION = YES;
				CLANG_WARN_INFINITE_RECURSION = YES;
				CLANG_WARN_INT_CONVERSION = YES;
				CLANG_WARN_NON_LITERAL_NULL_CONVERSION = YES;
				CLANG_WARN_OBJC_IMPLICIT_RETAIN_SELF = YES;
				CLANG_WARN_OBJC_LITERAL_CONVERSION = YES;
				CLANG_WARN_OBJC_ROOT_CLASS = YES_ERROR;
				CLANG_WARN_QUOTED_INCLUDE_IN_FRAMEWORK_HEADER = YES;
				CLANG_WARN_RANGE_LOOP_ANALYSIS = YES;
				CLANG_WARN_STRICT_PROTOTYPES = YES;
				CLANG_WARN_SUSPICIOUS_MOVE = YES;
				CLANG_WARN_UNGUARDED_AVAILABILITY = YES_AGGRESSIVE;
				CLANG_WARN_UNREACHABLE_CODE = YES;
				CLANG_WARN__DUPLICATE_METHOD_MATCH = YES;
				COPY_PHASE_STRIP = NO;
				DEBUG_INFORMATION_FORMAT = dwarf;
				ENABLE_STRICT_OBJC_MSGSEND = YES;
				ENABLE_TESTABILITY = YES;
				EXCLUDED_ARCHS = "";
				GCC_C_LANGUAGE_STANDARD = gnu11;
				GCC_DYNAMIC_NO_PIC = NO;
				GCC_NO_COMMON_BLOCKS = YES;
				GCC_OPTIMIZATION_LEVEL = 0;
				GCC_PREPROCESSOR_DEFINITIONS = (
					"DEBUG=1",
					"$(inherited)",
				);
				GCC_WARN_64_TO_32_BIT_CONVERSION = YES;
				GCC_WARN_ABOUT_RETURN_TYPE = YES_ERROR;
				GCC_WARN_UNDECLARED_SELECTOR = YES;
				GCC_WARN_UNINITIALIZED_AUTOS = YES_AGGRESSIVE;
				GCC_WARN_UNUSED_FUNCTION = YES;
				GCC_WARN_UNUSED_VARIABLE = YES;
				IPHONEOS_DEPLOYMENT_TARGET = 16.4;
				MTL_ENABLE_DEBUG_INFO = INCLUDE_SOURCE;
				MTL_FAST_MATH = YES;
				ONLY_ACTIVE_ARCH = YES;
				SDKROOT = iphoneos;
				SWIFT_ACTIVE_COMPILATION_CONDITIONS = DEBUG;
				SWIFT_OPTIMIZATION_LEVEL = "-Onone";
			};
			name = Debug;
		};
		A8B8FD662A018819003292D4 /* Release */ = {
			isa = XCBuildConfiguration;
			buildSettings = {
				ALWAYS_SEARCH_USER_PATHS = NO;
				CLANG_ANALYZER_NONNULL = YES;
				CLANG_ANALYZER_NUMBER_OBJECT_CONVERSION = YES_AGGRESSIVE;
				CLANG_CXX_LANGUAGE_STANDARD = "gnu++20";
				CLANG_ENABLE_MODULES = YES;
				CLANG_ENABLE_OBJC_ARC = YES;
				CLANG_ENABLE_OBJC_WEAK = YES;
				CLANG_WARN_BLOCK_CAPTURE_AUTORELEASING = YES;
				CLANG_WARN_BOOL_CONVERSION = YES;
				CLANG_WARN_COMMA = YES;
				CLANG_WARN_CONSTANT_CONVERSION = YES;
				CLANG_WARN_DEPRECATED_OBJC_IMPLEMENTATIONS = YES;
				CLANG_WARN_DIRECT_OBJC_ISA_USAGE = YES_ERROR;
				CLANG_WARN_DOCUMENTATION_COMMENTS = YES;
				CLANG_WARN_EMPTY_BODY = YES;
				CLANG_WARN_ENUM_CONVERSION = YES;
				CLANG_WARN_INFINITE_RECURSION = YES;
				CLANG_WARN_INT_CONVERSION = YES;
				CLANG_WARN_NON_LITERAL_NULL_CONVERSION = YES;
				CLANG_WARN_OBJC_IMPLICIT_RETAIN_SELF = YES;
				CLANG_WARN_OBJC_LITERAL_CONVERSION = YES;
				CLANG_WARN_OBJC_ROOT_CLASS = YES_ERROR;
				CLANG_WARN_QUOTED_INCLUDE_IN_FRAMEWORK_HEADER = YES;
				CLANG_WARN_RANGE_LOOP_ANALYSIS = YES;
				CLANG_WARN_STRICT_PROTOTYPES = YES;
				CLANG_WARN_SUSPICIOUS_MOVE = YES;
				CLANG_WARN_UNGUARDED_AVAILABILITY = YES_AGGRESSIVE;
				CLANG_WARN_UNREACHABLE_CODE = YES;
				CLANG_WARN__DUPLICATE_METHOD_MATCH = YES;
				COPY_PHASE_STRIP = NO;
				DEBUG_INFORMATION_FORMAT = "dwarf-with-dsym";
				ENABLE_NS_ASSERTIONS = NO;
				ENABLE_STRICT_OBJC_MSGSEND = YES;
				EXCLUDED_ARCHS = "";
				GCC_C_LANGUAGE_STANDARD = gnu11;
				GCC_NO_COMMON_BLOCKS = YES;
				GCC_WARN_64_TO_32_BIT_CONVERSION = YES;
				GCC_WARN_ABOUT_RETURN_TYPE = YES_ERROR;
				GCC_WARN_UNDECLARED_SELECTOR = YES;
				GCC_WARN_UNINITIALIZED_AUTOS = YES_AGGRESSIVE;
				GCC_WARN_UNUSED_FUNCTION = YES;
				GCC_WARN_UNUSED_VARIABLE = YES;
				IPHONEOS_DEPLOYMENT_TARGET = 16.4;
				MTL_ENABLE_DEBUG_INFO = NO;
				MTL_FAST_MATH = YES;
				SDKROOT = iphoneos;
				SWIFT_COMPILATION_MODE = wholemodule;
				SWIFT_OPTIMIZATION_LEVEL = "-O";
				VALIDATE_PRODUCT = YES;
			};
			name = Release;
		};
		A8B8FD682A018819003292D4 /* Debug */ = {
			isa = XCBuildConfiguration;
			buildSettings = {
				ASSETCATALOG_COMPILER_APPICON_NAME = AppIcon;
				ASSETCATALOG_COMPILER_GLOBAL_ACCENT_COLOR_NAME = AccentColor;
				CODE_SIGN_STYLE = Automatic;
				CURRENT_PROJECT_VERSION = 1;
				DEVELOPMENT_TEAM = F554D7F6K4;
				GENERATE_INFOPLIST_FILE = YES;
				INFOPLIST_FILE = "homework-5/Info.plist";
				INFOPLIST_KEY_UIApplicationSupportsIndirectInputEvents = YES;
				INFOPLIST_KEY_UILaunchStoryboardName = LaunchScreen;
				INFOPLIST_KEY_UISupportedInterfaceOrientations_iPad = "UIInterfaceOrientationPortrait UIInterfaceOrientationPortraitUpsideDown UIInterfaceOrientationLandscapeLeft UIInterfaceOrientationLandscapeRight";
				INFOPLIST_KEY_UISupportedInterfaceOrientations_iPhone = "UIInterfaceOrientationPortrait UIInterfaceOrientationLandscapeLeft UIInterfaceOrientationLandscapeRight";
				IPHONEOS_DEPLOYMENT_TARGET = 16.4;
				LD_RUNPATH_SEARCH_PATHS = (
					"$(inherited)",
					"@executable_path/Frameworks",
				);
				MARKETING_VERSION = 1.0;
				PRODUCT_BUNDLE_IDENTIFIER = "com.platonovalexandr.homework-5";
				PRODUCT_NAME = "$(TARGET_NAME)";
				SWIFT_EMIT_LOC_STRINGS = YES;
				SWIFT_VERSION = 5.0;
				TARGETED_DEVICE_FAMILY = 1;
			};
			name = Debug;
		};
		A8B8FD692A018819003292D4 /* Release */ = {
			isa = XCBuildConfiguration;
			buildSettings = {
				ASSETCATALOG_COMPILER_APPICON_NAME = AppIcon;
				ASSETCATALOG_COMPILER_GLOBAL_ACCENT_COLOR_NAME = AccentColor;
				CODE_SIGN_STYLE = Automatic;
				CURRENT_PROJECT_VERSION = 1;
				DEVELOPMENT_TEAM = F554D7F6K4;
				GENERATE_INFOPLIST_FILE = YES;
				INFOPLIST_FILE = "homework-5/Info.plist";
				INFOPLIST_KEY_UIApplicationSupportsIndirectInputEvents = YES;
				INFOPLIST_KEY_UILaunchStoryboardName = LaunchScreen;
				INFOPLIST_KEY_UISupportedInterfaceOrientations_iPad = "UIInterfaceOrientationPortrait UIInterfaceOrientationPortraitUpsideDown UIInterfaceOrientationLandscapeLeft UIInterfaceOrientationLandscapeRight";
				INFOPLIST_KEY_UISupportedInterfaceOrientations_iPhone = "UIInterfaceOrientationPortrait UIInterfaceOrientationLandscapeLeft UIInterfaceOrientationLandscapeRight";
				IPHONEOS_DEPLOYMENT_TARGET = 16.4;
				LD_RUNPATH_SEARCH_PATHS = (
					"$(inherited)",
					"@executable_path/Frameworks",
				);
				MARKETING_VERSION = 1.0;
				PRODUCT_BUNDLE_IDENTIFIER = "com.platonovalexandr.homework-5";
				PRODUCT_NAME = "$(TARGET_NAME)";
				SWIFT_EMIT_LOC_STRINGS = YES;
				SWIFT_VERSION = 5.0;
				TARGETED_DEVICE_FAMILY = 1;
			};
			name = Release;
		};
/* End XCBuildConfiguration section */

/* Begin XCConfigurationList section */
		A8B8FD4E2A018816003292D4 /* Build configuration list for PBXProject "homework-5" */ = {
			isa = XCConfigurationList;
			buildConfigurations = (
				A8B8FD652A018819003292D4 /* Debug */,
				A8B8FD662A018819003292D4 /* Release */,
			);
			defaultConfigurationIsVisible = 0;
			defaultConfigurationName = Release;
		};
		A8B8FD672A018819003292D4 /* Build configuration list for PBXNativeTarget "homework-5" */ = {
			isa = XCConfigurationList;
			buildConfigurations = (
				A8B8FD682A018819003292D4 /* Debug */,
				A8B8FD692A018819003292D4 /* Release */,
			);
			defaultConfigurationIsVisible = 0;
			defaultConfigurationName = Release;
		};
/* End XCConfigurationList section */

/* Begin XCRemoteSwiftPackageReference section */
		A8B8FD6C2A019491003292D4 /* XCRemoteSwiftPackageReference "SnapKit" */ = {
			isa = XCRemoteSwiftPackageReference;
			repositoryURL = "https://github.com/SnapKit/SnapKit";
			requirement = {
				kind = upToNextMajorVersion;
				minimumVersion = 5.0.0;
			};
		};
/* End XCRemoteSwiftPackageReference section */

/* Begin XCSwiftPackageProductDependency section */
		A8B8FD6D2A019491003292D4 /* SnapKit */ = {
			isa = XCSwiftPackageProductDependency;
			package = A8B8FD6C2A019491003292D4 /* XCRemoteSwiftPackageReference "SnapKit" */;
			productName = SnapKit;
		};
/* End XCSwiftPackageProductDependency section */
	};
	rootObject = A8B8FD4B2A018816003292D4 /* Project object */;
}
